
Microsoft Visual Studio Solution File, Format Version 9.00
# Visual C++ Express 2005
Project("{8BC9CEB8-8B4A-11D0-8D11-00A0C91BC942}") = "MT7931NQRR_XA96AF_00_FT_EWT", "MT7931NQRR_XA96AF_00_FT_EWT.vcproj", "{444D910C-EEE7-477F-90C5-CD80C25B43C9}"
EndProject
Global
	GlobalSection(SolutionConfigurationPlatforms) = preSolution
		Debug|Win32 = Debug|Win32
		Release|Win32 = Release|Win32
	EndGlobalSection
	GlobalSection(ProjectConfigurationPlatforms) = postSolution
		{444D910C-EEE7-477F-90C5-CD80C25B43C9}.Debug|Win32.ActiveCfg = Debug|Win32
		{444D910C-EEE7-477F-90C5-CD80C25B43C9}.Debug|Win32.Build.0 = Debug|Win32
		{444D910C-EEE7-477F-90C5-CD80C25B43C9}.Release|Win32.ActiveCfg = Release|Win32
		{444D910C-EEE7-477F-90C5-CD80C25B43C9}.Release|Win32.Build.0 = Release|Win32
	EndGlobalSection
	GlobalSection(SolutionProperties) = preSolution
		HideSolutionNode = FALSE
	EndGlobalSection
EndGlobal
